
Microsoft Visual Studio Solution File, Format Version 12.00
# Visual Studio Version 17
VisualStudioVersion = 17.13.35818.85
MinimumVisualStudioVersion = 10.0.40219.1
Project("{FAE04EC0-301F-11D3-BF4B-00C04F79EFBC}") = "TfmrLib", "src\TfmrLib\TfmrLib.csproj", "{A22B3B2B-5BF6-396A-190F-2DCCC81ED10F}"
EndProject
Project("{FAE04EC0-301F-11D3-BF4B-00C04F79EFBC}") = "GeometryLib", "..\GeomLibrary\GeometryLib\GeometryLib.csproj", "{D6E7546D-4ECC-C50D-19DB-0D580C951F32}"
EndProject
Project("{FAE04EC0-301F-11D3-BF4B-00C04F79EFBC}") = "MeshLib", "..\GeomLibrary\MeshLib\MeshLib.csproj", "{078643A7-4C72-62E8-E8DE-223C3499B742}"
EndProject
Project("{2150E333-8FDC-42A3-9474-1A3956D46DE8}") = "tests", "tests", "{0AB3BF05-4346-4AA6-1389-037BE0695223}"
EndProject
Project("{FAE04EC0-301F-11D3-BF4B-00C04F79EFBC}") = "TfmrLib.Tests", "tests\TfmrLib.Tests\TfmrLib.Tests.csproj", "{7398A704-B4ED-4659-80B9-5D771A271870}"
EndProject
Global
	GlobalSection(SolutionConfigurationPlatforms) = preSolution
		Debug|Any CPU = Debug|Any CPU
		Debug|x64 = Debug|x64
		Debug|x86 = Debug|x86
		Release|Any CPU = Release|Any CPU
		Release|x64 = Release|x64
		Release|x86 = Release|x86
	EndGlobalSection
	GlobalSection(ProjectConfigurationPlatforms) = postSolution
		{A22B3B2B-5BF6-396A-190F-2DCCC81ED10F}.Debug|Any CPU.ActiveCfg = Debug|Any CPU
		{A22B3B2B-5BF6-396A-190F-2DCCC81ED10F}.Debug|Any CPU.Build.0 = Debug|Any CPU
		{A22B3B2B-5BF6-396A-190F-2DCCC81ED10F}.Debug|x64.ActiveCfg = Debug|Any CPU
		{A22B3B2B-5BF6-396A-190F-2DCCC81ED10F}.Debug|x64.Build.0 = Debug|Any CPU
		{A22B3B2B-5BF6-396A-190F-2DCCC81ED10F}.Debug|x86.ActiveCfg = Debug|Any CPU
		{A22B3B2B-5BF6-396A-190F-2DCCC81ED10F}.Debug|x86.Build.0 = Debug|Any CPU
		{A22B3B2B-5BF6-396A-190F-2DCCC81ED10F}.Release|Any CPU.ActiveCfg = Release|Any CPU
		{A22B3B2B-5BF6-396A-190F-2DCCC81ED10F}.Release|Any CPU.Build.0 = Release|Any CPU
		{A22B3B2B-5BF6-396A-190F-2DCCC81ED10F}.Release|x64.ActiveCfg = Release|Any CPU
		{A22B3B2B-5BF6-396A-190F-2DCCC81ED10F}.Release|x64.Build.0 = Release|Any CPU
		{A22B3B2B-5BF6-396A-190F-2DCCC81ED10F}.Release|x86.ActiveCfg = Release|Any CPU
		{A22B3B2B-5BF6-396A-190F-2DCCC81ED10F}.Release|x86.Build.0 = Release|Any CPU
		{D6E7546D-4ECC-C50D-19DB-0D580C951F32}.Debug|Any CPU.ActiveCfg = Debug|Any CPU
		{D6E7546D-4ECC-C50D-19DB-0D580C951F32}.Debug|Any CPU.Build.0 = Debug|Any CPU
		{D6E7546D-4ECC-C50D-19DB-0D580C951F32}.Debug|x64.ActiveCfg = Debug|Any CPU
		{D6E7546D-4ECC-C50D-19DB-0D580C951F32}.Debug|x64.Build.0 = Debug|Any CPU
		{D6E7546D-4ECC-C50D-19DB-0D580C951F32}.Debug|x86.ActiveCfg = Debug|Any CPU
		{D6E7546D-4ECC-C50D-19DB-0D580C951F32}.Debug|x86.Build.0 = Debug|Any CPU
		{D6E7546D-4ECC-C50D-19DB-0D580C951F32}.Release|Any CPU.ActiveCfg = Release|Any CPU
		{D6E7546D-4ECC-C50D-19DB-0D580C951F32}.Release|Any CPU.Build.0 = Release|Any CPU
		{D6E7546D-4ECC-C50D-19DB-0D580C951F32}.Release|x64.ActiveCfg = Release|Any CPU
		{D6E7546D-4ECC-C50D-19DB-0D580C951F32}.Release|x64.Build.0 = Release|Any CPU
		{D6E7546D-4ECC-C50D-19DB-0D580C951F32}.Release|x86.ActiveCfg = Release|Any CPU
		{D6E7546D-4ECC-C50D-19DB-0D580C951F32}.Release|x86.Build.0 = Release|Any CPU
		{078643A7-4C72-62E8-E8DE-223C3499B742}.Debug|Any CPU.ActiveCfg = Debug|Any CPU
		{078643A7-4C72-62E8-E8DE-223C3499B742}.Debug|Any CPU.Build.0 = Debug|Any CPU
		{078643A7-4C72-62E8-E8DE-223C3499B742}.Debug|x64.ActiveCfg = Debug|Any CPU
		{078643A7-4C72-62E8-E8DE-223C3499B742}.Debug|x64.Build.0 = Debug|Any CPU
		{078643A7-4C72-62E8-E8DE-223C3499B742}.Debug|x86.ActiveCfg = Debug|Any CPU
		{078643A7-4C72-62E8-E8DE-223C3499B742}.Debug|x86.Build.0 = Debug|Any CPU
		{078643A7-4C72-62E8-E8DE-223C3499B742}.Release|Any CPU.ActiveCfg = Release|Any CPU
		{078643A7-4C72-62E8-E8DE-223C3499B742}.Release|Any CPU.Build.0 = Release|Any CPU
		{078643A7-4C72-62E8-E8DE-223C3499B742}.Release|x64.ActiveCfg = Release|Any CPU
		{078643A7-4C72-62E8-E8DE-223C3499B742}.Release|x64.Build.0 = Release|Any CPU
		{078643A7-4C72-62E8-E8DE-223C3499B742}.Release|x86.ActiveCfg = Release|Any CPU
		{078643A7-4C72-62E8-E8DE-223C3499B742}.Release|x86.Build.0 = Release|Any CPU
		{7398A704-B4ED-4659-80B9-5D771A271870}.Debug|Any CPU.ActiveCfg = Debug|Any CPU
		{7398A704-B4ED-4659-80B9-5D771A271870}.Debug|Any CPU.Build.0 = Debug|Any CPU
		{7398A704-B4ED-4659-80B9-5D771A271870}.Debug|x64.ActiveCfg = Debug|Any CPU
		{7398A704-B4ED-4659-80B9-5D771A271870}.Debug|x64.Build.0 = Debug|Any CPU
		{7398A704-B4ED-4659-80B9-5D771A271870}.Debug|x86.ActiveCfg = Debug|Any CPU
		{7398A704-B4ED-4659-80B9-5D771A271870}.Debug|x86.Build.0 = Debug|Any CPU
		{7398A704-B4ED-4659-80B9-5D771A271870}.Release|Any CPU.ActiveCfg = Release|Any CPU
		{7398A704-B4ED-4659-80B9-5D771A271870}.Release|Any CPU.Build.0 = Release|Any CPU
		{7398A704-B4ED-4659-80B9-5D771A271870}.Release|x64.ActiveCfg = Release|Any CPU
		{7398A704-B4ED-4659-80B9-5D771A271870}.Release|x64.Build.0 = Release|Any CPU
		{7398A704-B4ED-4659-80B9-5D771A271870}.Release|x86.ActiveCfg = Release|Any CPU
		{7398A704-B4ED-4659-80B9-5D771A271870}.Release|x86.Build.0 = Release|Any CPU
	EndGlobalSection
	GlobalSection(SolutionProperties) = preSolution
		HideSolutionNode = FALSE
	EndGlobalSection
	GlobalSection(NestedProjects) = preSolution
		{7398A704-B4ED-4659-80B9-5D771A271870} = {0AB3BF05-4346-4AA6-1389-037BE0695223}
	EndGlobalSection
	GlobalSection(ExtensibilityGlobals) = postSolution
		SolutionGuid = {7D98B4AA-57CA-413F-8C81-C2AACBB0B67B}
	EndGlobalSection
EndGlobal
